<?xml version="1.0" encoding="utf-8"?>
<Project ToolsVersion="4.0" xmlns="http://schemas.microsoft.com/developer/msbuild/2003">
  <ItemGroup>
    <Filter Include="Source Files">
      <UniqueIdentifier>{4FC737F1-C7A5-4376-A066-2A32D752A2FF}</UniqueIdentifier>
      <Extensions>cpp;c;cc;cxx;def;odl;idl;hpj;bat;asm;asmx</Extensions>
    </Filter>
    <Filter Include="Header Files">
      <UniqueIdentifier>{93995380-89BD-4b04-88EB-625FBE52EBFB}</UniqueIdentifier>
      <Extensions>h;hh;hpp;hxx;hm;inl;inc;xsd</Extensions>
    </Filter>
    <Filter Include="Source Files\native">
      <UniqueIdentifier>{a5ec5292-3c8d-4ca1-9356-f34969f7807e}</UniqueIdentifier>
    </Filter>
    <Filter Include="Source Files\native\vc_win">
      <UniqueIdentifier>{92c84cf0-a110-4fa5-9dda-25fe6de5f0df}</UniqueIdentifier>
    </Filter>
    <Filter Include="Header Files\native">
      <UniqueIdentifier>{52a37cba-bdaa-47bf-91d9-e40f908160d2}</UniqueIdentifier>
    </Filter>
    <Filter Include="Header Files\native\vc_win">
      <UniqueIdentifier>{71789321-0518-4c18-878e-c90ce2999df6}</UniqueIdentifier>
    </Filter>
  </ItemGroup>
  <ItemGroup>
    <ClInclude Include="src\pch.hpp">
      <Filter>Source Files</Filter>
    </ClInclude>
    <ClInclude Include="include\native\vc_win\glfw.hpp">
      <Filter>Header Files\native\vc_win</Filter>
    </ClInclude>
    <ClInclude Include="include\glfw.hpp">
      <Filter>Header Files</Filter>
    </ClInclude>
    <ClInclude Include="include\platform_autolink.hpp">
      <Filter>Header Files</Filter>
    </ClInclude>
    <ClInclude Include="include\ids.hpp">
      <Filter>Header Files</Filter>
    </ClInclude>
    <ClInclude Include="include\lifecycle.hpp">
      <Filter>Header Files</Filter>
    </ClInclude>
    <ClInclude Include="include\version.hpp">
      <Filter>Header Files</Filter>
    </ClInclude>
  </ItemGroup>
  <ItemGroup>
    <ClCompile Include="src\pch.cpp">
      <Filter>Source Files</Filter>
    </ClCompile>
    <ClCompile Include="src\ids.cpp">
      <Filter>Source Files</Filter>
    </ClCompile>
    <ClCompile Include="src\native\vc_win\lifecycle.cpp">
      <Filter>Source Files\native\vc_win</Filter>
    </ClCompile>
  </ItemGroup>
</Project>
